// !$*UTF8*$!
{
	archiveVersion = 1;
	classes = {
	};
	objectVersion = 46;
	objects = {

/* Begin PBXBuildFile section */
		1105C29714A9078000E8DB30 /* Squada One.ttf in Resources */ = {isa = PBXBuildFile; fileRef = 1105C29614A9078000E8DB30 /* Squada One.ttf */; };
		1105C29D14A9078800E8DB30 /* intro.bmp in Resources */ = {isa = PBXBuildFile; fileRef = 1105C29914A9078800E8DB30 /* intro.bmp */; };
		1105C29E14A9078800E8DB30 /* player.bmp in Resources */ = {isa = PBXBuildFile; fileRef = 1105C29A14A9078800E8DB30 /* player.bmp */; };
		1105C29F14A9078800E8DB30 /* sheet0.bmp in Resources */ = {isa = PBXBuildFile; fileRef = 1105C29B14A9078800E8DB30 /* sheet0.bmp */; };
		1105C2A014A9078800E8DB30 /* title.bmp in Resources */ = {isa = PBXBuildFile; fileRef = 1105C29C14A9078800E8DB30 /* title.bmp */; };
		111E7AFF14AA325F00FE1C40 /* Window.cpp in Sources */ = {isa = PBXBuildFile; fileRef = 111E7AFE14AA325F00FE1C40 /* Window.cpp */; };
		111E7B0314AA34AA00FE1C40 /* revisited.txt in Resources */ = {isa = PBXBuildFile; fileRef = 111E7B0214AA34AA00FE1C40 /* revisited.txt */; };
		11352C7114B60A4900B44A1F /* icon-mac.icns in Resources */ = {isa = PBXBuildFile; fileRef = 11352C7014B60A4900B44A1F /* icon-mac.icns */; };
		11C16C8714A81BA100653A8A /* Camera.cpp in Sources */ = {isa = PBXBuildFile; fileRef = 11C16C7114A81BA100653A8A /* Camera.cpp */; };
		11C16C8814A81BA100653A8A /* Credits.cpp in Sources */ = {isa = PBXBuildFile; fileRef = 11C16C7314A81BA100653A8A /* Credits.cpp */; };
		11C16C8914A81BA100653A8A /* Helper.cpp in Sources */ = {isa = PBXBuildFile; fileRef = 11C16C7814A81BA100653A8A /* Helper.cpp */; };
		11C16C8A14A81BA100653A8A /* Intro.cpp in Sources */ = {isa = PBXBuildFile; fileRef = 11C16C7A14A81BA100653A8A /* Intro.cpp */; };
		11C16C8B14A81BA100653A8A /* main.cpp in Sources */ = {isa = PBXBuildFile; fileRef = 11C16C7C14A81BA100653A8A /* main.cpp */; };
		11C16C8C14A81BA100653A8A /* Map.cpp in Sources */ = {isa = PBXBuildFile; fileRef = 11C16C7D14A81BA100653A8A /* Map.cpp */; };
		11C16C8D14A81BA100653A8A /* Menu.cpp in Sources */ = {isa = PBXBuildFile; fileRef = 11C16C7F14A81BA100653A8A /* Menu.cpp */; };
		11C16C8E14A81BA100653A8A /* SDLMain.m in Sources */ = {isa = PBXBuildFile; fileRef = 11C16C8214A81BA100653A8A /* SDLMain.m */; };
		11C16C8F14A81BA100653A8A /* Timer.cpp in Sources */ = {isa = PBXBuildFile; fileRef = 11C16C8314A81BA100653A8A /* Timer.cpp */; };
		11C16C9014A81BA100653A8A /* Title.cpp in Sources */ = {isa = PBXBuildFile; fileRef = 11C16C8514A81BA100653A8A /* Title.cpp */; };
		11C16C9714A8234600653A8A /* SDL_ttf.framework in Frameworks */ = {isa = PBXBuildFile; fileRef = 11C16C9614A8234600653A8A /* SDL_ttf.framework */; };
		11C16C9814A8235C00653A8A /* SDL_ttf.framework in Copy Frameworks into .app bundle */ = {isa = PBXBuildFile; fileRef = 11C16C9614A8234600653A8A /* SDL_ttf.framework */; };
		11C16C9A14A8237E00653A8A /* SDL.framework in Frameworks */ = {isa = PBXBuildFile; fileRef = 11C16C9914A8237E00653A8A /* SDL.framework */; };
		11C16C9B14A8238200653A8A /* SDL.framework in Copy Frameworks into .app bundle */ = {isa = PBXBuildFile; fileRef = 11C16C9914A8237E00653A8A /* SDL.framework */; };
		11D3DEF614B3EF0F00ECC6EC /* PlayState.cpp in Sources */ = {isa = PBXBuildFile; fileRef = 11D3DEF514B3EF0F00ECC6EC /* PlayState.cpp */; };
		8D11072B0486CEB800E47090 /* InfoPlist.strings in Resources */ = {isa = PBXBuildFile; fileRef = 089C165CFE840E0CC02AAC07 /* InfoPlist.strings */; };
		8D11072F0486CEB800E47090 /* Cocoa.framework in Frameworks */ = {isa = PBXBuildFile; fileRef = 1058C7A1FEA54F0111CA2CBB /* Cocoa.framework */; };
/* End PBXBuildFile section */

/* Begin PBXCopyFilesBuildPhase section */
		002F39FD09D0883400EBEB88 /* Copy Frameworks into .app bundle */ = {
			isa = PBXCopyFilesBuildPhase;
			buildActionMask = 2147483647;
			dstPath = "";
			dstSubfolderSpec = 10;
			files = (
				11C16C9B14A8238200653A8A /* SDL.framework in Copy Frameworks into .app bundle */,
				11C16C9814A8235C00653A8A /* SDL_ttf.framework in Copy Frameworks into .app bundle */,
			);
			name = "Copy Frameworks into .app bundle";
			runOnlyForDeploymentPostprocessing = 0;
		};
/* End PBXCopyFilesBuildPhase section */

/* Begin PBXFileReference section */
		089C165DFE840E0CC02AAC07 /* English */ = {isa = PBXFileReference; fileEncoding = 10; lastKnownFileType = text.plist.strings; name = English; path = English.lproj/InfoPlist.strings; sourceTree = "<group>"; };
		1058C7A1FEA54F0111CA2CBB /* Cocoa.framework */ = {isa = PBXFileReference; lastKnownFileType = wrapper.framework; name = Cocoa.framework; path = /System/Library/Frameworks/Cocoa.framework; sourceTree = "<absolute>"; };
		1105C29614A9078000E8DB30 /* Squada One.ttf */ = {isa = PBXFileReference; lastKnownFileType = file; name = "Squada One.ttf"; path = "Release/Squada One.ttf"; sourceTree = "<group>"; };
		1105C29914A9078800E8DB30 /* intro.bmp */ = {isa = PBXFileReference; lastKnownFileType = image.bmp; path = intro.bmp; sourceTree = "<group>"; };
		1105C29A14A9078800E8DB30 /* player.bmp */ = {isa = PBXFileReference; lastKnownFileType = image.bmp; path = player.bmp; sourceTree = "<group>"; };
		1105C29B14A9078800E8DB30 /* sheet0.bmp */ = {isa = PBXFileReference; lastKnownFileType = image.bmp; path = sheet0.bmp; sourceTree = "<group>"; };
		1105C29C14A9078800E8DB30 /* title.bmp */ = {isa = PBXFileReference; lastKnownFileType = image.bmp; path = title.bmp; sourceTree = "<group>"; };
		111E7AFE14AA325F00FE1C40 /* Window.cpp */ = {isa = PBXFileReference; fileEncoding = 4; lastKnownFileType = sourcecode.cpp.cpp; name = Window.cpp; path = Platformer/Window.cpp; sourceTree = "<group>"; };
		111E7B0114AA326900FE1C40 /* Window.h */ = {isa = PBXFileReference; fileEncoding = 4; lastKnownFileType = sourcecode.c.h; name = Window.h; path = Platformer/Window.h; sourceTree = "<group>"; };
		111E7B0214AA34AA00FE1C40 /* revisited.txt */ = {isa = PBXFileReference; fileEncoding = 4; lastKnownFileType = text; name = revisited.txt; path = Release/maps/revisited.txt; sourceTree = "<group>"; };
		11352C7014B60A4900B44A1F /* icon-mac.icns */ = {isa = PBXFileReference; lastKnownFileType = image.icns; path = "icon-mac.icns"; sourceTree = "<group>"; };
		11C16C7114A81BA100653A8A /* Camera.cpp */ = {isa = PBXFileReference; fileEncoding = 4; lastKnownFileType = sourcecode.cpp.cpp; name = Camera.cpp; path = Platformer/Camera.cpp; sourceTree = "<group>"; };
		11C16C7214A81BA100653A8A /* Camera.h */ = {isa = PBXFileReference; fileEncoding = 4; lastKnownFileType = sourcecode.c.h; name = Camera.h; path = Platformer/Camera.h; sourceTree = "<group>"; };
		11C16C7314A81BA100653A8A /* Credits.cpp */ = {isa = PBXFileReference; fileEncoding = 4; lastKnownFileType = sourcecode.cpp.cpp; name = Credits.cpp; path = Platformer/Credits.cpp; sourceTree = "<group>"; };
		11C16C7414A81BA100653A8A /* Credits.h */ = {isa = PBXFileReference; fileEncoding = 4; lastKnownFileType = sourcecode.c.h; name = Credits.h; path = Platformer/Credits.h; sourceTree = "<group>"; };
		11C16C7514A81BA100653A8A /* GameState.h */ = {isa = PBXFileReference; fileEncoding = 4; lastKnownFileType = sourcecode.c.h; name = GameState.h; path = Platformer/GameState.h; sourceTree = "<group>"; };
		11C16C7614A81BA100653A8A /* GameStateHelper.h */ = {isa = PBXFileReference; fileEncoding = 4; lastKnownFileType = sourcecode.c.h; name = GameStateHelper.h; path = Platformer/GameStateHelper.h; sourceTree = "<group>"; };
		11C16C7714A81BA100653A8A /* globals.h */ = {isa = PBXFileReference; fileEncoding = 4; lastKnownFileType = sourcecode.c.h; name = globals.h; path = Platformer/globals.h; sourceTree = "<group>"; };
		11C16C7814A81BA100653A8A /* Helper.cpp */ = {isa = PBXFileReference; fileEncoding = 4; lastKnownFileType = sourcecode.cpp.cpp; name = Helper.cpp; path = Platformer/Helper.cpp; sourceTree = "<group>"; };
		11C16C7914A81BA100653A8A /* Helper.h */ = {isa = PBXFileReference; fileEncoding = 4; lastKnownFileType = sourcecode.c.h; name = Helper.h; path = Platformer/Helper.h; sourceTree = "<group>"; };
		11C16C7A14A81BA100653A8A /* Intro.cpp */ = {isa = PBXFileReference; fileEncoding = 4; lastKnownFileType = sourcecode.cpp.cpp; name = Intro.cpp; path = Platformer/Intro.cpp; sourceTree = "<group>"; };
		11C16C7B14A81BA100653A8A /* Intro.h */ = {isa = PBXFileReference; fileEncoding = 4; lastKnownFileType = sourcecode.c.h; name = Intro.h; path = Platformer/Intro.h; sourceTree = "<group>"; };
		11C16C7C14A81BA100653A8A /* main.cpp */ = {isa = PBXFileReference; fileEncoding = 4; lastKnownFileType = sourcecode.cpp.cpp; name = main.cpp; path = Platformer/main.cpp; sourceTree = "<group>"; };
		11C16C7D14A81BA100653A8A /* Map.cpp */ = {isa = PBXFileReference; fileEncoding = 4; lastKnownFileType = sourcecode.cpp.cpp; name = Map.cpp; path = Platformer/Map.cpp; sourceTree = "<group>"; };
		11C16C7E14A81BA100653A8A /* Map.h */ = {isa = PBXFileReference; fileEncoding = 4; lastKnownFileType = sourcecode.c.h; name = Map.h; path = Platformer/Map.h; sourceTree = "<group>"; };
		11C16C7F14A81BA100653A8A /* Menu.cpp */ = {isa = PBXFileReference; fileEncoding = 4; lastKnownFileType = sourcecode.cpp.cpp; name = Menu.cpp; path = Platformer/Menu.cpp; sourceTree = "<group>"; };
		11C16C8014A81BA100653A8A /* Menu.h */ = {isa = PBXFileReference; fileEncoding = 4; lastKnownFileType = sourcecode.c.h; name = Menu.h; path = Platformer/Menu.h; sourceTree = "<group>"; };
		11C16C8114A81BA100653A8A /* SDLMain.h */ = {isa = PBXFileReference; fileEncoding = 4; lastKnownFileType = sourcecode.c.h; name = SDLMain.h; path = Platformer/SDLMain.h; sourceTree = "<group>"; };
		11C16C8214A81BA100653A8A /* SDLMain.m */ = {isa = PBXFileReference; fileEncoding = 4; lastKnownFileType = sourcecode.c.objc; name = SDLMain.m; path = Platformer/SDLMain.m; sourceTree = "<group>"; };
		11C16C8314A81BA100653A8A /* Timer.cpp */ = {isa = PBXFileReference; fileEncoding = 4; lastKnownFileType = sourcecode.cpp.cpp; name = Timer.cpp; path = Platformer/Timer.cpp; sourceTree = "<group>"; };
		11C16C8414A81BA100653A8A /* Timer.h */ = {isa = PBXFileReference; fileEncoding = 4; lastKnownFileType = sourcecode.c.h; name = Timer.h; path = Platformer/Timer.h; sourceTree = "<group>"; };
		11C16C8514A81BA100653A8A /* Title.cpp */ = {isa = PBXFileReference; fileEncoding = 4; lastKnownFileType = sourcecode.cpp.cpp; name = Title.cpp; path = Platformer/Title.cpp; sourceTree = "<group>"; };
		11C16C8614A81BA100653A8A /* Title.h */ = {isa = PBXFileReference; fileEncoding = 4; lastKnownFileType = sourcecode.c.h; name = Title.h; path = Platformer/Title.h; sourceTree = "<group>"; };
		11C16C9614A8234600653A8A /* SDL_ttf.framework */ = {isa = PBXFileReference; lastKnownFileType = wrapper.framework; path = SDL_ttf.framework; sourceTree = "<group>"; };
		11C16C9914A8237E00653A8A /* SDL.framework */ = {isa = PBXFileReference; lastKnownFileType = wrapper.framework; path = SDL.framework; sourceTree = "<group>"; };
		11C16C9C14A8255B00653A8A /* SDL_ttf.h */ = {isa = PBXFileReference; fileEncoding = 4; lastKnownFileType = sourcecode.c.h; name = SDL_ttf.h; path = Platformer/include/SDL_ttf.h; sourceTree = "<group>"; };
		11D3DEF314B3EE5800ECC6EC /* PlayState.h */ = {isa = PBXFileReference; fileEncoding = 4; lastKnownFileType = sourcecode.c.h; path = PlayState.h; sourceTree = "<group>"; };
		11D3DEF514B3EF0F00ECC6EC /* PlayState.cpp */ = {isa = PBXFileReference; fileEncoding = 4; lastKnownFileType = sourcecode.cpp.cpp; path = PlayState.cpp; sourceTree = "<group>"; };
		29B97324FDCFA39411CA2CEA /* AppKit.framework */ = {isa = PBXFileReference; lastKnownFileType = wrapper.framework; name = AppKit.framework; path = /System/Library/Frameworks/AppKit.framework; sourceTree = "<absolute>"; };
		29B97325FDCFA39411CA2CEA /* Foundation.framework */ = {isa = PBXFileReference; lastKnownFileType = wrapper.framework; name = Foundation.framework; path = /System/Library/Frameworks/Foundation.framework; sourceTree = "<absolute>"; };
		8D1107310486CEB800E47090 /* Info.plist */ = {isa = PBXFileReference; fileEncoding = 4; lastKnownFileType = text.plist; path = Info.plist; sourceTree = "<group>"; };
		8D1107320486CEB800E47090 /* Platformer.app */ = {isa = PBXFileReference; explicitFileType = wrapper.application; includeInIndex = 0; path = Platformer.app; sourceTree = BUILT_PRODUCTS_DIR; };
/* End PBXFileReference section */

/* Begin PBXFrameworksBuildPhase section */
		8D11072E0486CEB800E47090 /* Frameworks */ = {
			isa = PBXFrameworksBuildPhase;
			buildActionMask = 2147483647;
			files = (
				8D11072F0486CEB800E47090 /* Cocoa.framework in Frameworks */,
				11C16C9A14A8237E00653A8A /* SDL.framework in Frameworks */,
				11C16C9714A8234600653A8A /* SDL_ttf.framework in Frameworks */,
			);
			runOnlyForDeploymentPostprocessing = 0;
		};
/* End PBXFrameworksBuildPhase section */

/* Begin PBXGroup section */
		080E96DDFE201D6D7F000001 /* Headers */ = {
			isa = PBXGroup;
			children = (
				11C16C7214A81BA100653A8A /* Camera.h */,
				11C16C7414A81BA100653A8A /* Credits.h */,
				11C16C7514A81BA100653A8A /* GameState.h */,
				11C16C7614A81BA100653A8A /* GameStateHelper.h */,
				11C16C7714A81BA100653A8A /* globals.h */,
				11C16C7914A81BA100653A8A /* Helper.h */,
				11C16C7B14A81BA100653A8A /* Intro.h */,
				11C16C7E14A81BA100653A8A /* Map.h */,
				11C16C8014A81BA100653A8A /* Menu.h */,
				11D3DEF314B3EE5800ECC6EC /* PlayState.h */,
				11C16C8114A81BA100653A8A /* SDLMain.h */,
				11C16C8414A81BA100653A8A /* Timer.h */,
				11C16C8614A81BA100653A8A /* Title.h */,
				111E7B0114AA326900FE1C40 /* Window.h */,
			);
			name = Headers;
			sourceTree = "<group>";
		};
		1058C7A0FEA54F0111CA2CBB /* Linked Frameworks */ = {
			isa = PBXGroup;
			children = (
				11C16C9914A8237E00653A8A /* SDL.framework */,
				11C16C9614A8234600653A8A /* SDL_ttf.framework */,
				1058C7A1FEA54F0111CA2CBB /* Cocoa.framework */,
			);
			name = "Linked Frameworks";
			sourceTree = "<group>";
		};
		1058C7A2FEA54F0111CA2CBB /* Other Frameworks */ = {
			isa = PBXGroup;
			children = (
				29B97324FDCFA39411CA2CEA /* AppKit.framework */,
				29B97325FDCFA39411CA2CEA /* Foundation.framework */,
			);
			name = "Other Frameworks";
			sourceTree = "<group>";
		};
		1105C29814A9078800E8DB30 /* images */ = {
			isa = PBXGroup;
			children = (
				1105C29914A9078800E8DB30 /* intro.bmp */,
				1105C29A14A9078800E8DB30 /* player.bmp */,
				1105C29B14A9078800E8DB30 /* sheet0.bmp */,
				1105C29C14A9078800E8DB30 /* title.bmp */,
			);
			name = images;
			path = Release/images;
			sourceTree = "<group>";
		};
		11D3DEF714B3EF3C00ECC6EC /* Implementations */ = {
			isa = PBXGroup;
			children = (
				11C16C7114A81BA100653A8A /* Camera.cpp */,
				11C16C7314A81BA100653A8A /* Credits.cpp */,
				11C16C7814A81BA100653A8A /* Helper.cpp */,
				11C16C7A14A81BA100653A8A /* Intro.cpp */,
				11C16C7C14A81BA100653A8A /* main.cpp */,
				11C16C7D14A81BA100653A8A /* Map.cpp */,
				11C16C7F14A81BA100653A8A /* Menu.cpp */,
				11D3DEF514B3EF0F00ECC6EC /* PlayState.cpp */,
				11C16C8214A81BA100653A8A /* SDLMain.m */,
				11C16C8314A81BA100653A8A /* Timer.cpp */,
				11C16C8514A81BA100653A8A /* Title.cpp */,
				111E7AFE14AA325F00FE1C40 /* Window.cpp */,
			);
			name = Implementations;
			sourceTree = "<group>";
		};
		19C28FACFE9D520D11CA2CBB /* Products */ = {
			isa = PBXGroup;
			children = (
				8D1107320486CEB800E47090 /* Platformer.app */,
			);
			name = Products;
			sourceTree = "<group>";
		};
		29B97314FDCFA39411CA2CEA /* ___PROJECTNAMEASXML___ */ = {
			isa = PBXGroup;
			children = (
				11D3DEF714B3EF3C00ECC6EC /* Implementations */,
				080E96DDFE201D6D7F000001 /* Headers */,
				29B97315FDCFA39411CA2CEA /* Other Sources */,
				29B97317FDCFA39411CA2CEA /* Resources */,
				29B97323FDCFA39411CA2CEA /* Frameworks */,
				19C28FACFE9D520D11CA2CBB /* Products */,
			);
			name = "___PROJECTNAMEASXML___";
			sourceTree = "<group>";
		};
		29B97315FDCFA39411CA2CEA /* Other Sources */ = {
			isa = PBXGroup;
			children = (
				11C16C9C14A8255B00653A8A /* SDL_ttf.h */,
			);
			name = "Other Sources";
			sourceTree = "<group>";
		};
		29B97317FDCFA39411CA2CEA /* Resources */ = {
			isa = PBXGroup;
			children = (
				11352C7014B60A4900B44A1F /* icon-mac.icns */,
				111E7B0214AA34AA00FE1C40 /* revisited.txt */,
				1105C29814A9078800E8DB30 /* images */,
				1105C29614A9078000E8DB30 /* Squada One.ttf */,
				8D1107310486CEB800E47090 /* Info.plist */,
				089C165CFE840E0CC02AAC07 /* InfoPlist.strings */,
			);
			name = Resources;
			sourceTree = "<group>";
		};
		29B97323FDCFA39411CA2CEA /* Frameworks */ = {
			isa = PBXGroup;
			children = (
				1058C7A0FEA54F0111CA2CBB /* Linked Frameworks */,
				1058C7A2FEA54F0111CA2CBB /* Other Frameworks */,
			);
			name = Frameworks;
			sourceTree = "<group>";
		};
/* End PBXGroup section */

/* Begin PBXNativeTarget section */
		8D1107260486CEB800E47090 /* Platformer */ = {
			isa = PBXNativeTarget;
			buildConfigurationList = C01FCF4A08A954540054247B /* Build configuration list for PBXNativeTarget "Platformer" */;
			buildPhases = (
				8D1107290486CEB800E47090 /* Resources */,
				8D11072C0486CEB800E47090 /* Sources */,
				8D11072E0486CEB800E47090 /* Frameworks */,
				002F39FD09D0883400EBEB88 /* Copy Frameworks into .app bundle */,
			);
			buildRules = (
			);
			dependencies = (
			);
			name = Platformer;
			productInstallPath = "$(HOME)/Applications";
			productName = "___PROJECTNAME___";
			productReference = 8D1107320486CEB800E47090 /* Platformer.app */;
			productType = "com.apple.product-type.application";
		};
/* End PBXNativeTarget section */

/* Begin PBXProject section */
		29B97313FDCFA39411CA2CEA /* Project object */ = {
			isa = PBXProject;
			attributes = {
				LastUpgradeCheck = 0420;
			};
			buildConfigurationList = C01FCF4E08A954540054247B /* Build configuration list for PBXProject "Platformer" */;
			compatibilityVersion = "Xcode 3.2";
			developmentRegion = English;
			hasScannedForEncodings = 1;
			knownRegions = (
				en,
			);
			mainGroup = 29B97314FDCFA39411CA2CEA /* ___PROJECTNAMEASXML___ */;
			projectDirPath = "";
			projectRoot = "";
			targets = (
				8D1107260486CEB800E47090 /* Platformer */,
			);
		};
/* End PBXProject section */

/* Begin PBXResourcesBuildPhase section */
		8D1107290486CEB800E47090 /* Resources */ = {
			isa = PBXResourcesBuildPhase;
			buildActionMask = 2147483647;
			files = (
				8D11072B0486CEB800E47090 /* InfoPlist.strings in Resources */,
				1105C29714A9078000E8DB30 /* Squada One.ttf in Resources */,
				1105C29D14A9078800E8DB30 /* intro.bmp in Resources */,
				1105C29E14A9078800E8DB30 /* player.bmp in Resources */,
				1105C29F14A9078800E8DB30 /* sheet0.bmp in Resources */,
				1105C2A014A9078800E8DB30 /* title.bmp in Resources */,
				111E7B0314AA34AA00FE1C40 /* revisited.txt in Resources */,
				11352C7114B60A4900B44A1F /* icon-mac.icns in Resources */,
			);
			runOnlyForDeploymentPostprocessing = 0;
		};
/* End PBXResourcesBuildPhase section */

/* Begin PBXSourcesBuildPhase section */
		8D11072C0486CEB800E47090 /* Sources */ = {
			isa = PBXSourcesBuildPhase;
			buildActionMask = 2147483647;
			files = (
				11C16C8714A81BA100653A8A /* Camera.cpp in Sources */,
				11C16C8814A81BA100653A8A /* Credits.cpp in Sources */,
				11C16C8914A81BA100653A8A /* Helper.cpp in Sources */,
				11C16C8A14A81BA100653A8A /* Intro.cpp in Sources */,
				11C16C8B14A81BA100653A8A /* main.cpp in Sources */,
				11C16C8C14A81BA100653A8A /* Map.cpp in Sources */,
				11C16C8D14A81BA100653A8A /* Menu.cpp in Sources */,
				11C16C8E14A81BA100653A8A /* SDLMain.m in Sources */,
				11C16C8F14A81BA100653A8A /* Timer.cpp in Sources */,
				11C16C9014A81BA100653A8A /* Title.cpp in Sources */,
				111E7AFF14AA325F00FE1C40 /* Window.cpp in Sources */,
				11D3DEF614B3EF0F00ECC6EC /* PlayState.cpp in Sources */,
			);
			runOnlyForDeploymentPostprocessing = 0;
		};
/* End PBXSourcesBuildPhase section */

/* Begin PBXVariantGroup section */
		089C165CFE840E0CC02AAC07 /* InfoPlist.strings */ = {
			isa = PBXVariantGroup;
			children = (
				089C165DFE840E0CC02AAC07 /* English */,
			);
			name = InfoPlist.strings;
			sourceTree = "<group>";
		};
/* End PBXVariantGroup section */

/* Begin XCBuildConfiguration section */
		C01FCF4B08A954540054247B /* Debug */ = {
			isa = XCBuildConfiguration;
			buildSettings = {
				COPY_PHASE_STRIP = NO;
				FRAMEWORK_SEARCH_PATHS = (
					"$(inherited)",
					"\"$(SRCROOT)\"",
				);
				GCC_DYNAMIC_NO_PIC = NO;
				GCC_MODEL_TUNING = G5;
				GCC_OPTIMIZATION_LEVEL = 0;
				GCC_PRECOMPILE_PREFIX_HEADER = NO;
				GCC_PREFIX_HEADER = "";
				INFOPLIST_FILE = Info.plist;
				INSTALL_PATH = "$(HOME)/Applications";
				LIBRARY_SEARCH_PATHS = "$(inherited)";
				MACOSX_DEPLOYMENT_TARGET = 10.7;
				OTHER_LDFLAGS = "";
				PRODUCT_NAME = Platformer;
				WRAPPER_EXTENSION = app;
			};
			name = Debug;
		};
		C01FCF4C08A954540054247B /* Release */ = {
			isa = XCBuildConfiguration;
			buildSettings = {
				FRAMEWORK_SEARCH_PATHS = (
					"$(inherited)",
					"\"$(SRCROOT)\"",
				);
				GCC_GENERATE_DEBUGGING_SYMBOLS = NO;
				GCC_MODEL_TUNING = G5;
				GCC_PRECOMPILE_PREFIX_HEADER = NO;
				GCC_PREFIX_HEADER = "";
				INFOPLIST_FILE = Info.plist;
				INSTALL_PATH = "$(HOME)/Applications";
				LIBRARY_SEARCH_PATHS = "$(inherited)";
				MACOSX_DEPLOYMENT_TARGET = 10.7;
				OTHER_LDFLAGS = "";
				PRODUCT_NAME = Platformer;
				WRAPPER_EXTENSION = app;
			};
			name = Release;
		};
		C01FCF4F08A954540054247B /* Debug */ = {
			isa = XCBuildConfiguration;
			buildSettings = {
				ARCHS = "$(ARCHS_STANDARD_32_64_BIT)";
				FRAMEWORK_SEARCH_PATHS = (
					"$(HOME)/Library/Frameworks",
					/Library/Frameworks,
					"$(FRAMEWORK_SEARCH_PATHS)",
				);
				GCC_VERSION = "";
				"GCC_VERSION[arch=x86_64]" = "";
				GCC_WARN_ABOUT_RETURN_TYPE = YES;
				GCC_WARN_UNUSED_VARIABLE = YES;
				HEADER_SEARCH_PATHS = (
					"$(HOME)/Library/Frameworks/SDL.framework/Headers",
					/Library/Frameworks/SDL.framework/Headers,
					"$(HEADER_SEARCH_PATHS)",
				);
				SDKROOT = macosx;
				"SDKROOT[arch=x86_64]" = macosx;
			};
			name = Debug;
		};
		C01FCF5008A954540054247B /* Release */ = {
			isa = XCBuildConfiguration;
			buildSettings = {
				ARCHS = "$(ARCHS_STANDARD_32_64_BIT)";
				FRAMEWORK_SEARCH_PATHS = (
					"$(HOME)/Library/Frameworks",
					/Library/Frameworks,
					"$(FRAMEWORK_SEARCH_PATHS)",
				);
				GCC_VERSION = "";
				"GCC_VERSION[arch=x86_64]" = "";
				GCC_WARN_ABOUT_RETURN_TYPE = YES;
				GCC_WARN_UNUSED_VARIABLE = YES;
				HEADER_SEARCH_PATHS = (
					"$(HOME)/Library/Frameworks/SDL.framework/Headers",
					/Library/Frameworks/SDL.framework/Headers,
					"$(HEADER_SEARCH_PATHS)",
				);
				SDKROOT = macosx;
				"SDKROOT[arch=x86_64]" = macosx;
			};
			name = Release;
		};
/* End XCBuildConfiguration section */

/* Begin XCConfigurationList section */
		C01FCF4A08A954540054247B /* Build configuration list for PBXNativeTarget "Platformer" */ = {
			isa = XCConfigurationList;
			buildConfigurations = (
				C01FCF4B08A954540054247B /* Debug */,
				C01FCF4C08A954540054247B /* Release */,
			);
			defaultConfigurationIsVisible = 0;
			defaultConfigurationName = Debug;
		};
		C01FCF4E08A954540054247B /* Build configuration list for PBXProject "Platformer" */ = {
			isa = XCConfigurationList;
			buildConfigurations = (
				C01FCF4F08A954540054247B /* Debug */,
				C01FCF5008A954540054247B /* Release */,
			);
			defaultConfigurationIsVisible = 0;
			defaultConfigurationName = Debug;
		};
/* End XCConfigurationList section */
	};
	rootObject = 29B97313FDCFA39411CA2CEA /* Project object */;
}
